
Microsoft Visual Studio Solution File, Format Version 11.00
# Visual Studio 2010
Project("{FAE04EC0-301F-11D3-BF4B-00C04F79EFBC}") = "Rebels_Timer_2", "Rebels_Timer_2\Rebels_Timer_2.csproj", "{A48D3A39-AEC2-4368-A385-CB4154C64C78}"
EndProject
Global
	GlobalSection(SolutionConfigurationPlatforms) = preSolution
		Debug|iPhoneSimulator = Debug|iPhoneSimulator
		Release|iPhoneSimulator = Release|iPhoneSimulator
		Debug|iPhone = Debug|iPhone
		Release|iPhone = Release|iPhone
		Ad-Hoc|iPhone = Ad-Hoc|iPhone
		AppStore|iPhone = AppStore|iPhone
	EndGlobalSection
	GlobalSection(ProjectConfigurationPlatforms) = postSolution
		{A48D3A39-AEC2-4368-A385-CB4154C64C78}.Ad-Hoc|iPhone.ActiveCfg = Ad-Hoc|iPhone
		{A48D3A39-AEC2-4368-A385-CB4154C64C78}.Ad-Hoc|iPhone.Build.0 = Ad-Hoc|iPhone
		{A48D3A39-AEC2-4368-A385-CB4154C64C78}.AppStore|iPhone.ActiveCfg = AppStore|iPhone
		{A48D3A39-AEC2-4368-A385-CB4154C64C78}.AppStore|iPhone.Build.0 = AppStore|iPhone
		{A48D3A39-AEC2-4368-A385-CB4154C64C78}.Debug|iPhone.ActiveCfg = Debug|iPhone
		{A48D3A39-AEC2-4368-A385-CB4154C64C78}.Debug|iPhone.Build.0 = Debug|iPhone
		{A48D3A39-AEC2-4368-A385-CB4154C64C78}.Debug|iPhoneSimulator.ActiveCfg = Debug|iPhoneSimulator
		{A48D3A39-AEC2-4368-A385-CB4154C64C78}.Debug|iPhoneSimulator.Build.0 = Debug|iPhoneSimulator
		{A48D3A39-AEC2-4368-A385-CB4154C64C78}.Release|iPhone.ActiveCfg = Release|iPhone
		{A48D3A39-AEC2-4368-A385-CB4154C64C78}.Release|iPhone.Build.0 = Release|iPhone
		{A48D3A39-AEC2-4368-A385-CB4154C64C78}.Release|iPhoneSimulator.ActiveCfg = Release|iPhoneSimulator
		{A48D3A39-AEC2-4368-A385-CB4154C64C78}.Release|iPhoneSimulator.Build.0 = Release|iPhoneSimulator
	EndGlobalSection
	GlobalSection(MonoDevelopProperties) = preSolution
		StartupItem = Rebels_Timer_2\Rebels_Timer_2.csproj
	EndGlobalSection
EndGlobal
